// !$*UTF8*$!
{
	archiveVersion = 1;
	classes = {
	};
	objectVersion = 55;
	objects = {

/* Begin PBXBuildFile section */
		848A3336286143560061E9C1 /* User.swift in Sources */ = {isa = PBXBuildFile; fileRef = 848A3335286143560061E9C1 /* User.swift */; };
		848A3338286143660061E9C1 /* Task.swift in Sources */ = {isa = PBXBuildFile; fileRef = 848A3337286143650061E9C1 /* Task.swift */; };
		848A333A2861437F0061E9C1 /* TasksViewController.swift in Sources */ = {isa = PBXBuildFile; fileRef = 848A33392861437F0061E9C1 /* TasksViewController.swift */; };
		848A333C286143960061E9C1 /* LoginViewController.swift in Sources */ = {isa = PBXBuildFile; fileRef = 848A333B286143960061E9C1 /* LoginViewController.swift */; };
		848A338F28619BE60061E9C1 /* GoogleService-Info.plist in Resources */ = {isa = PBXBuildFile; fileRef = 848A338E28619BE60061E9C1 /* GoogleService-Info.plist */; };
		848A339228619C4A0061E9C1 /* FirebaseAnalytics in Frameworks */ = {isa = PBXBuildFile; productRef = 848A339128619C4A0061E9C1 /* FirebaseAnalytics */; };
		848A339428619C4A0061E9C1 /* FirebaseAuth in Frameworks */ = {isa = PBXBuildFile; productRef = 848A339328619C4A0061E9C1 /* FirebaseAuth */; };
		848A339628619C4A0061E9C1 /* FirebaseDatabase in Frameworks */ = {isa = PBXBuildFile; productRef = 848A339528619C4A0061E9C1 /* FirebaseDatabase */; };
		848A339828619C4A0061E9C1 /* FirebaseStorage in Frameworks */ = {isa = PBXBuildFile; productRef = 848A339728619C4A0061E9C1 /* FirebaseStorage */; };
		84AE595F285E9BA2001DC42F /* AppDelegate.swift in Sources */ = {isa = PBXBuildFile; fileRef = 84AE595E285E9BA2001DC42F /* AppDelegate.swift */; };
		84AE5961285E9BA2001DC42F /* SceneDelegate.swift in Sources */ = {isa = PBXBuildFile; fileRef = 84AE5960285E9BA2001DC42F /* SceneDelegate.swift */; };
		84AE5968285E9BA6001DC42F /* Assets.xcassets in Resources */ = {isa = PBXBuildFile; fileRef = 84AE5967285E9BA6001DC42F /* Assets.xcassets */; };
		84AE5975285E9FB3001DC42F /* HomeViewController.swift in Sources */ = {isa = PBXBuildFile; fileRef = 84AE5974285E9FB3001DC42F /* HomeViewController.swift */; };
		84AE5977285E9FEA001DC42F /* StoreFrontViewController.swift in Sources */ = {isa = PBXBuildFile; fileRef = 84AE5976285E9FEA001DC42F /* StoreFrontViewController.swift */; };
		84AE5979285EA03C001DC42F /* StoreFrontDetailViewController.swift in Sources */ = {isa = PBXBuildFile; fileRef = 84AE5978285EA03B001DC42F /* StoreFrontDetailViewController.swift */; };
		84AE597E285EA12D001DC42F /* StoreFrontCollectionViewCell.swift in Sources */ = {isa = PBXBuildFile; fileRef = 84AE597D285EA12D001DC42F /* StoreFrontCollectionViewCell.swift */; };
		84AE5980285EA186001DC42F /* Main.storyboard in Resources */ = {isa = PBXBuildFile; fileRef = 84AE597F285EA186001DC42F /* Main.storyboard */; };
		84AE5984285EA239001DC42F /* StoreFront.swift in Sources */ = {isa = PBXBuildFile; fileRef = 84AE5983285EA239001DC42F /* StoreFront.swift */; };
		84AE5986285EA262001DC42F /* LaunchScreen.storyboard in Resources */ = {isa = PBXBuildFile; fileRef = 84AE5985285EA262001DC42F /* LaunchScreen.storyboard */; };
/* End PBXBuildFile section */

/* Begin PBXFileReference section */
		848A3335286143560061E9C1 /* User.swift */ = {isa = PBXFileReference; lastKnownFileType = sourcecode.swift; path = User.swift; sourceTree = "<group>"; };
		848A3337286143650061E9C1 /* Task.swift */ = {isa = PBXFileReference; lastKnownFileType = sourcecode.swift; path = Task.swift; sourceTree = "<group>"; };
		848A33392861437F0061E9C1 /* TasksViewController.swift */ = {isa = PBXFileReference; lastKnownFileType = sourcecode.swift; path = TasksViewController.swift; sourceTree = "<group>"; };
		848A333B286143960061E9C1 /* LoginViewController.swift */ = {isa = PBXFileReference; lastKnownFileType = sourcecode.swift; path = LoginViewController.swift; sourceTree = "<group>"; };
		848A338E28619BE60061E9C1 /* GoogleService-Info.plist */ = {isa = PBXFileReference; fileEncoding = 4; lastKnownFileType = text.plist.xml; path = "GoogleService-Info.plist"; sourceTree = "<group>"; };
		84AE595B285E9BA2001DC42F /* ShopAppProj.app */ = {isa = PBXFileReference; explicitFileType = wrapper.application; includeInIndex = 0; path = ShopAppProj.app; sourceTree = BUILT_PRODUCTS_DIR; };
		84AE595E285E9BA2001DC42F /* AppDelegate.swift */ = {isa = PBXFileReference; lastKnownFileType = sourcecode.swift; path = AppDelegate.swift; sourceTree = "<group>"; };
		84AE5960285E9BA2001DC42F /* SceneDelegate.swift */ = {isa = PBXFileReference; lastKnownFileType = sourcecode.swift; path = SceneDelegate.swift; sourceTree = "<group>"; };
		84AE5967285E9BA6001DC42F /* Assets.xcassets */ = {isa = PBXFileReference; lastKnownFileType = folder.assetcatalog; path = Assets.xcassets; sourceTree = "<group>"; };
		84AE596C285E9BA6001DC42F /* Info.plist */ = {isa = PBXFileReference; lastKnownFileType = text.plist.xml; path = Info.plist; sourceTree = "<group>"; };
		84AE5974285E9FB3001DC42F /* HomeViewController.swift */ = {isa = PBXFileReference; lastKnownFileType = sourcecode.swift; path = HomeViewController.swift; sourceTree = "<group>"; };
		84AE5976285E9FEA001DC42F /* StoreFrontViewController.swift */ = {isa = PBXFileReference; lastKnownFileType = sourcecode.swift; path = StoreFrontViewController.swift; sourceTree = "<group>"; };
		84AE5978285EA03B001DC42F /* StoreFrontDetailViewController.swift */ = {isa = PBXFileReference; lastKnownFileType = sourcecode.swift; path = StoreFrontDetailViewController.swift; sourceTree = "<group>"; };
		84AE597D285EA12D001DC42F /* StoreFrontCollectionViewCell.swift */ = {isa = PBXFileReference; lastKnownFileType = sourcecode.swift; path = StoreFrontCollectionViewCell.swift; sourceTree = "<group>"; };
		84AE597F285EA186001DC42F /* Main.storyboard */ = {isa = PBXFileReference; lastKnownFileType = file.storyboard; path = Main.storyboard; sourceTree = "<group>"; };
		84AE5983285EA239001DC42F /* StoreFront.swift */ = {isa = PBXFileReference; lastKnownFileType = sourcecode.swift; path = StoreFront.swift; sourceTree = "<group>"; };
		84AE5985285EA262001DC42F /* LaunchScreen.storyboard */ = {isa = PBXFileReference; lastKnownFileType = file.storyboard; path = LaunchScreen.storyboard; sourceTree = "<group>"; };
/* End PBXFileReference section */

/* Begin PBXFrameworksBuildPhase section */
		84AE5958285E9BA2001DC42F /* Frameworks */ = {
			isa = PBXFrameworksBuildPhase;
			buildActionMask = 2147483647;
			files = (
				848A339628619C4A0061E9C1 /* FirebaseDatabase in Frameworks */,
				848A339828619C4A0061E9C1 /* FirebaseStorage in Frameworks */,
				848A339228619C4A0061E9C1 /* FirebaseAnalytics in Frameworks */,
				848A339428619C4A0061E9C1 /* FirebaseAuth in Frameworks */,
			);
			runOnlyForDeploymentPostprocessing = 0;
		};
/* End PBXFrameworksBuildPhase section */

/* Begin PBXGroup section */
		848A3333286143050061E9C1 /* AuthFirebase */ = {
			isa = PBXGroup;
			children = (
				848A3335286143560061E9C1 /* User.swift */,
				848A3337286143650061E9C1 /* Task.swift */,
				848A33392861437F0061E9C1 /* TasksViewController.swift */,
				848A333B286143960061E9C1 /* LoginViewController.swift */,
			);
			path = AuthFirebase;
			sourceTree = "<group>";
		};
		84AE5952285E9BA2001DC42F = {
			isa = PBXGroup;
			children = (
				84AE595D285E9BA2001DC42F /* ShopAppProj */,
				84AE595C285E9BA2001DC42F /* Products */,
			);
			sourceTree = "<group>";
		};
		84AE595C285E9BA2001DC42F /* Products */ = {
			isa = PBXGroup;
			children = (
				84AE595B285E9BA2001DC42F /* ShopAppProj.app */,
			);
			name = Products;
			sourceTree = "<group>";
		};
		84AE595D285E9BA2001DC42F /* ShopAppProj */ = {
			isa = PBXGroup;
			children = (
				848A3333286143050061E9C1 /* AuthFirebase */,
				84AE5982285EA227001DC42F /* Model */,
				84AE597C285EA0DB001DC42F /* Views */,
				84AE5972285E9F56001DC42F /* Suport file */,
				84AE5973285E9F9A001DC42F /* Controller */,
				84AE596C285E9BA6001DC42F /* Info.plist */,
				848A338E28619BE60061E9C1 /* GoogleService-Info.plist */,
			);
			path = ShopAppProj;
			sourceTree = "<group>";
		};
		84AE5972285E9F56001DC42F /* Suport file */ = {
			isa = PBXGroup;
			children = (
				84AE5967285E9BA6001DC42F /* Assets.xcassets */,
				84AE595E285E9BA2001DC42F /* AppDelegate.swift */,
				84AE5960285E9BA2001DC42F /* SceneDelegate.swift */,
			);
			path = "Suport file";
			sourceTree = "<group>";
		};
		84AE5973285E9F9A001DC42F /* Controller */ = {
			isa = PBXGroup;
			children = (
				84AE5974285E9FB3001DC42F /* HomeViewController.swift */,
				84AE5976285E9FEA001DC42F /* StoreFrontViewController.swift */,
				84AE5978285EA03B001DC42F /* StoreFrontDetailViewController.swift */,
			);
			path = Controller;
			sourceTree = "<group>";
		};
		84AE597C285EA0DB001DC42F /* Views */ = {
			isa = PBXGroup;
			children = (
				84AE597D285EA12D001DC42F /* StoreFrontCollectionViewCell.swift */,
				84AE597F285EA186001DC42F /* Main.storyboard */,
				84AE5985285EA262001DC42F /* LaunchScreen.storyboard */,
			);
			path = Views;
			sourceTree = "<group>";
		};
		84AE5982285EA227001DC42F /* Model */ = {
			isa = PBXGroup;
			children = (
				84AE5983285EA239001DC42F /* StoreFront.swift */,
			);
			path = Model;
			sourceTree = "<group>";
		};
/* End PBXGroup section */

/* Begin PBXNativeTarget section */
		84AE595A285E9BA2001DC42F /* ShopAppProj */ = {
			isa = PBXNativeTarget;
			buildConfigurationList = 84AE596F285E9BA6001DC42F /* Build configuration list for PBXNativeTarget "ShopAppProj" */;
			buildPhases = (
				84AE5957285E9BA2001DC42F /* Sources */,
				84AE5958285E9BA2001DC42F /* Frameworks */,
				84AE5959285E9BA2001DC42F /* Resources */,
			);
			buildRules = (
			);
			dependencies = (
			);
			name = ShopAppProj;
			packageProductDependencies = (
				848A339128619C4A0061E9C1 /* FirebaseAnalytics */,
				848A339328619C4A0061E9C1 /* FirebaseAuth */,
				848A339528619C4A0061E9C1 /* FirebaseDatabase */,
				848A339728619C4A0061E9C1 /* FirebaseStorage */,
			);
			productName = ShopAppProj;
			productReference = 84AE595B285E9BA2001DC42F /* ShopAppProj.app */;
			productType = "com.apple.product-type.application";
		};
/* End PBXNativeTarget section */

/* Begin PBXProject section */
		84AE5953285E9BA2001DC42F /* Project object */ = {
			isa = PBXProject;
			attributes = {
				BuildIndependentTargetsInParallel = 1;
				LastSwiftUpdateCheck = 1340;
				LastUpgradeCheck = 1340;
				TargetAttributes = {
					84AE595A285E9BA2001DC42F = {
						CreatedOnToolsVersion = 13.4;
					};
				};
			};
			buildConfigurationList = 84AE5956285E9BA2001DC42F /* Build configuration list for PBXProject "ShopAppProj" */;
			compatibilityVersion = "Xcode 13.0";
			developmentRegion = en;
			hasScannedForEncodings = 0;
			knownRegions = (
				en,
				Base,
			);
			mainGroup = 84AE5952285E9BA2001DC42F;
			packageReferences = (
				848A339028619C4A0061E9C1 /* XCRemoteSwiftPackageReference "firebase-ios-sdk" */,
			);
			productRefGroup = 84AE595C285E9BA2001DC42F /* Products */;
			projectDirPath = "";
			projectRoot = "";
			targets = (
				84AE595A285E9BA2001DC42F /* ShopAppProj */,
			);
		};
/* End PBXProject section */

/* Begin PBXResourcesBuildPhase section */
		84AE5959285E9BA2001DC42F /* Resources */ = {
			isa = PBXResourcesBuildPhase;
			buildActionMask = 2147483647;
			files = (
				84AE5986285EA262001DC42F /* LaunchScreen.storyboard in Resources */,
				848A338F28619BE60061E9C1 /* GoogleService-Info.plist in Resources */,
				84AE5968285E9BA6001DC42F /* Assets.xcassets in Resources */,
				84AE5980285EA186001DC42F /* Main.storyboard in Resources */,
			);
			runOnlyForDeploymentPostprocessing = 0;
		};
/* End PBXResourcesBuildPhase section */

/* Begin PBXSourcesBuildPhase section */
		84AE5957285E9BA2001DC42F /* Sources */ = {
			isa = PBXSourcesBuildPhase;
			buildActionMask = 2147483647;
			files = (
				84AE597E285EA12D001DC42F /* StoreFrontCollectionViewCell.swift in Sources */,
				84AE5979285EA03C001DC42F /* StoreFrontDetailViewController.swift in Sources */,
				84AE5977285E9FEA001DC42F /* StoreFrontViewController.swift in Sources */,
				84AE595F285E9BA2001DC42F /* AppDelegate.swift in Sources */,
				848A3336286143560061E9C1 /* User.swift in Sources */,
				84AE5984285EA239001DC42F /* StoreFront.swift in Sources */,
				84AE5961285E9BA2001DC42F /* SceneDelegate.swift in Sources */,
				848A333A2861437F0061E9C1 /* TasksViewController.swift in Sources */,
				848A3338286143660061E9C1 /* Task.swift in Sources */,
				84AE5975285E9FB3001DC42F /* HomeViewController.swift in Sources */,
				848A333C286143960061E9C1 /* LoginViewController.swift in Sources */,
			);
			runOnlyForDeploymentPostprocessing = 0;
		};
/* End PBXSourcesBuildPhase section */

/* Begin XCBuildConfiguration section */
		84AE596D285E9BA6001DC42F /* Debug */ = {
			isa = XCBuildConfiguration;
			buildSettings = {
				ALWAYS_SEARCH_USER_PATHS = NO;
				CLANG_ANALYZER_NONNULL = YES;
				CLANG_ANALYZER_NUMBER_OBJECT_CONVERSION = YES_AGGRESSIVE;
				CLANG_CXX_LANGUAGE_STANDARD = "gnu++17";
				CLANG_ENABLE_MODULES = YES;
				CLANG_ENABLE_OBJC_ARC = YES;
				CLANG_ENABLE_OBJC_WEAK = YES;
				CLANG_WARN_BLOCK_CAPTURE_AUTORELEASING = YES;
				CLANG_WARN_BOOL_CONVERSION = YES;
				CLANG_WARN_COMMA = YES;
				CLANG_WARN_CONSTANT_CONVERSION = YES;
				CLANG_WARN_DEPRECATED_OBJC_IMPLEMENTATIONS = YES;
				CLANG_WARN_DIRECT_OBJC_ISA_USAGE = YES_ERROR;
				CLANG_WARN_DOCUMENTATION_COMMENTS = YES;
				CLANG_WARN_EMPTY_BODY = YES;
				CLANG_WARN_ENUM_CONVERSION = YES;
				CLANG_WARN_INFINITE_RECURSION = YES;
				CLANG_WARN_INT_CONVERSION = YES;
				CLANG_WARN_NON_LITERAL_NULL_CONVERSION = YES;
				CLANG_WARN_OBJC_IMPLICIT_RETAIN_SELF = YES;
				CLANG_WARN_OBJC_LITERAL_CONVERSION = YES;
				CLANG_WARN_OBJC_ROOT_CLASS = YES_ERROR;
				CLANG_WARN_QUOTED_INCLUDE_IN_FRAMEWORK_HEADER = YES;
				CLANG_WARN_RANGE_LOOP_ANALYSIS = YES;
				CLANG_WARN_STRICT_PROTOTYPES = YES;
				CLANG_WARN_SUSPICIOUS_MOVE = YES;
				CLANG_WARN_UNGUARDED_AVAILABILITY = YES_AGGRESSIVE;
				CLANG_WARN_UNREACHABLE_CODE = YES;
				CLANG_WARN__DUPLICATE_METHOD_MATCH = YES;
				COPY_PHASE_STRIP = NO;
				DEBUG_INFORMATION_FORMAT = dwarf;
				ENABLE_STRICT_OBJC_MSGSEND = YES;
				ENABLE_TESTABILITY = YES;
				GCC_C_LANGUAGE_STANDARD = gnu11;
				GCC_DYNAMIC_NO_PIC = NO;
				GCC_NO_COMMON_BLOCKS = YES;
				GCC_OPTIMIZATION_LEVEL = 0;
				GCC_PREPROCESSOR_DEFINITIONS = (
					"DEBUG=1",
					"$(inherited)",
				);
				GCC_WARN_64_TO_32_BIT_CONVERSION = YES;
				GCC_WARN_ABOUT_RETURN_TYPE = YES_ERROR;
				GCC_WARN_UNDECLARED_SELECTOR = YES;
				GCC_WARN_UNINITIALIZED_AUTOS = YES_AGGRESSIVE;
				GCC_WARN_UNUSED_FUNCTION = YES;
				GCC_WARN_UNUSED_VARIABLE = YES;
				IPHONEOS_DEPLOYMENT_TARGET = 15.5;
				MTL_ENABLE_DEBUG_INFO = INCLUDE_SOURCE;
				MTL_FAST_MATH = YES;
				ONLY_ACTIVE_ARCH = YES;
				SDKROOT = iphoneos;
				SWIFT_ACTIVE_COMPILATION_CONDITIONS = DEBUG;
				SWIFT_OPTIMIZATION_LEVEL = "-Onone";
			};
			name = Debug;
		};
		84AE596E285E9BA6001DC42F /* Release */ = {
			isa = XCBuildConfiguration;
			buildSettings = {
				ALWAYS_SEARCH_USER_PATHS = NO;
				CLANG_ANALYZER_NONNULL = YES;
				CLANG_ANALYZER_NUMBER_OBJECT_CONVERSION = YES_AGGRESSIVE;
				CLANG_CXX_LANGUAGE_STANDARD = "gnu++17";
				CLANG_ENABLE_MODULES = YES;
				CLANG_ENABLE_OBJC_ARC = YES;
				CLANG_ENABLE_OBJC_WEAK = YES;
				CLANG_WARN_BLOCK_CAPTURE_AUTORELEASING = YES;
				CLANG_WARN_BOOL_CONVERSION = YES;
				CLANG_WARN_COMMA = YES;
				CLANG_WARN_CONSTANT_CONVERSION = YES;
				CLANG_WARN_DEPRECATED_OBJC_IMPLEMENTATIONS = YES;
				CLANG_WARN_DIRECT_OBJC_ISA_USAGE = YES_ERROR;
				CLANG_WARN_DOCUMENTATION_COMMENTS = YES;
				CLANG_WARN_EMPTY_BODY = YES;
				CLANG_WARN_ENUM_CONVERSION = YES;
				CLANG_WARN_INFINITE_RECURSION = YES;
				CLANG_WARN_INT_CONVERSION = YES;
				CLANG_WARN_NON_LITERAL_NULL_CONVERSION = YES;
				CLANG_WARN_OBJC_IMPLICIT_RETAIN_SELF = YES;
				CLANG_WARN_OBJC_LITERAL_CONVERSION = YES;
				CLANG_WARN_OBJC_ROOT_CLASS = YES_ERROR;
				CLANG_WARN_QUOTED_INCLUDE_IN_FRAMEWORK_HEADER = YES;
				CLANG_WARN_RANGE_LOOP_ANALYSIS = YES;
				CLANG_WARN_STRICT_PROTOTYPES = YES;
				CLANG_WARN_SUSPICIOUS_MOVE = YES;
				CLANG_WARN_UNGUARDED_AVAILABILITY = YES_AGGRESSIVE;
				CLANG_WARN_UNREACHABLE_CODE = YES;
				CLANG_WARN__DUPLICATE_METHOD_MATCH = YES;
				COPY_PHASE_STRIP = NO;
				DEBUG_INFORMATION_FORMAT = "dwarf-with-dsym";
				ENABLE_NS_ASSERTIONS = NO;
				ENABLE_STRICT_OBJC_MSGSEND = YES;
				GCC_C_LANGUAGE_STANDARD = gnu11;
				GCC_NO_COMMON_BLOCKS = YES;
				GCC_WARN_64_TO_32_BIT_CONVERSION = YES;
				GCC_WARN_ABOUT_RETURN_TYPE = YES_ERROR;
				GCC_WARN_UNDECLARED_SELECTOR = YES;
				GCC_WARN_UNINITIALIZED_AUTOS = YES_AGGRESSIVE;
				GCC_WARN_UNUSED_FUNCTION = YES;
				GCC_WARN_UNUSED_VARIABLE = YES;
				IPHONEOS_DEPLOYMENT_TARGET = 15.5;
				MTL_ENABLE_DEBUG_INFO = NO;
				MTL_FAST_MATH = YES;
				SDKROOT = iphoneos;
				SWIFT_COMPILATION_MODE = wholemodule;
				SWIFT_OPTIMIZATION_LEVEL = "-O";
				VALIDATE_PRODUCT = YES;
			};
			name = Release;
		};
		84AE5970285E9BA6001DC42F /* Debug */ = {
			isa = XCBuildConfiguration;
			buildSettings = {
				ASSETCATALOG_COMPILER_APPICON_NAME = AppIcon;
				ASSETCATALOG_COMPILER_GLOBAL_ACCENT_COLOR_NAME = AccentColor;
				CODE_SIGN_STYLE = Automatic;
				CURRENT_PROJECT_VERSION = 1;
				DEVELOPMENT_TEAM = C988ZQMU3K;
				GENERATE_INFOPLIST_FILE = YES;
				INFOPLIST_FILE = ShopAppProj/Info.plist;
				INFOPLIST_KEY_UIApplicationSupportsIndirectInputEvents = YES;
				INFOPLIST_KEY_UILaunchStoryboardName = LaunchScreen;
				INFOPLIST_KEY_UIMainStoryboardFile = Main;
				INFOPLIST_KEY_UISupportedInterfaceOrientations_iPad = "UIInterfaceOrientationPortrait UIInterfaceOrientationPortraitUpsideDown UIInterfaceOrientationLandscapeLeft UIInterfaceOrientationLandscapeRight";
				INFOPLIST_KEY_UISupportedInterfaceOrientations_iPhone = "UIInterfaceOrientationPortrait UIInterfaceOrientationLandscapeLeft UIInterfaceOrientationLandscapeRight";
				LD_RUNPATH_SEARCH_PATHS = (
					"$(inherited)",
					"@executable_path/Frameworks",
				);
				MARKETING_VERSION = 1.0;
				PRODUCT_BUNDLE_IDENTIFIER = by.kirillFasevich.ShopAppProj;
				PRODUCT_NAME = "$(TARGET_NAME)";
				SWIFT_EMIT_LOC_STRINGS = YES;
				SWIFT_VERSION = 5.0;
				TARGETED_DEVICE_FAMILY = "1,2";
			};
			name = Debug;
		};
		84AE5971285E9BA6001DC42F /* Release */ = {
			isa = XCBuildConfiguration;
			buildSettings = {
				ASSETCATALOG_COMPILER_APPICON_NAME = AppIcon;
				ASSETCATALOG_COMPILER_GLOBAL_ACCENT_COLOR_NAME = AccentColor;
				CODE_SIGN_STYLE = Automatic;
				CURRENT_PROJECT_VERSION = 1;
				DEVELOPMENT_TEAM = C988ZQMU3K;
				GENERATE_INFOPLIST_FILE = YES;
				INFOPLIST_FILE = ShopAppProj/Info.plist;
				INFOPLIST_KEY_UIApplicationSupportsIndirectInputEvents = YES;
				INFOPLIST_KEY_UILaunchStoryboardName = LaunchScreen;
				INFOPLIST_KEY_UIMainStoryboardFile = Main;
				INFOPLIST_KEY_UISupportedInterfaceOrientations_iPad = "UIInterfaceOrientationPortrait UIInterfaceOrientationPortraitUpsideDown UIInterfaceOrientationLandscapeLeft UIInterfaceOrientationLandscapeRight";
				INFOPLIST_KEY_UISupportedInterfaceOrientations_iPhone = "UIInterfaceOrientationPortrait UIInterfaceOrientationLandscapeLeft UIInterfaceOrientationLandscapeRight";
				LD_RUNPATH_SEARCH_PATHS = (
					"$(inherited)",
					"@executable_path/Frameworks",
				);
				MARKETING_VERSION = 1.0;
				PRODUCT_BUNDLE_IDENTIFIER = by.kirillFasevich.ShopAppProj;
				PRODUCT_NAME = "$(TARGET_NAME)";
				SWIFT_EMIT_LOC_STRINGS = YES;
				SWIFT_VERSION = 5.0;
				TARGETED_DEVICE_FAMILY = "1,2";
			};
			name = Release;
		};
/* End XCBuildConfiguration section */

/* Begin XCConfigurationList section */
		84AE5956285E9BA2001DC42F /* Build configuration list for PBXProject "ShopAppProj" */ = {
			isa = XCConfigurationList;
			buildConfigurations = (
				84AE596D285E9BA6001DC42F /* Debug */,
				84AE596E285E9BA6001DC42F /* Release */,
			);
			defaultConfigurationIsVisible = 0;
			defaultConfigurationName = Release;
		};
		84AE596F285E9BA6001DC42F /* Build configuration list for PBXNativeTarget "ShopAppProj" */ = {
			isa = XCConfigurationList;
			buildConfigurations = (
				84AE5970285E9BA6001DC42F /* Debug */,
				84AE5971285E9BA6001DC42F /* Release */,
			);
			defaultConfigurationIsVisible = 0;
			defaultConfigurationName = Release;
		};
/* End XCConfigurationList section */

/* Begin XCRemoteSwiftPackageReference section */
		848A339028619C4A0061E9C1 /* XCRemoteSwiftPackageReference "firebase-ios-sdk" */ = {
			isa = XCRemoteSwiftPackageReference;
			repositoryURL = "https://github.com/firebase/firebase-ios-sdk";
			requirement = {
				kind = upToNextMajorVersion;
				minimumVersion = 9.0.0;
			};
		};
/* End XCRemoteSwiftPackageReference section */

/* Begin XCSwiftPackageProductDependency section */
		848A339128619C4A0061E9C1 /* FirebaseAnalytics */ = {
			isa = XCSwiftPackageProductDependency;
			package = 848A339028619C4A0061E9C1 /* XCRemoteSwiftPackageReference "firebase-ios-sdk" */;
			productName = FirebaseAnalytics;
		};
		848A339328619C4A0061E9C1 /* FirebaseAuth */ = {
			isa = XCSwiftPackageProductDependency;
			package = 848A339028619C4A0061E9C1 /* XCRemoteSwiftPackageReference "firebase-ios-sdk" */;
			productName = FirebaseAuth;
		};
		848A339528619C4A0061E9C1 /* FirebaseDatabase */ = {
			isa = XCSwiftPackageProductDependency;
			package = 848A339028619C4A0061E9C1 /* XCRemoteSwiftPackageReference "firebase-ios-sdk" */;
			productName = FirebaseDatabase;
		};
		848A339728619C4A0061E9C1 /* FirebaseStorage */ = {
			isa = XCSwiftPackageProductDependency;
			package = 848A339028619C4A0061E9C1 /* XCRemoteSwiftPackageReference "firebase-ios-sdk" */;
			productName = FirebaseStorage;
		};
/* End XCSwiftPackageProductDependency section */
	};
	rootObject = 84AE5953285E9BA2001DC42F /* Project object */;
}
